
Microsoft Visual Studio Solution File, Format Version 12.00
# Visual Studio 15
VisualStudioVersion = 15.0.26430.16
MinimumVisualStudioVersion = 10.0.40219.1
Project("{FAE04EC0-301F-11D3-BF4B-00C04F79EFBC}") = "NumeralConversion", "NumeralConversion\NumeralConversion.csproj", "{9708DF4E-5C40-4B98-B6A3-E76CA5F84930}"
EndProject
Project("{FAE04EC0-301F-11D3-BF4B-00C04F79EFBC}") = "NumeralConversion.Tests", "NumeralConversion.Tests\NumeralConversion.Tests.csproj", "{1C5847C3-D391-404D-B5D0-E0C7941E40F2}"
EndProject
Project("{FAE04EC0-301F-11D3-BF4B-00C04F79EFBC}") = "TextManipulation", "TextManipulation\TextManipulation.csproj", "{66609DBB-AB22-4130-BB21-00155843C49D}"
EndProject
Project("{FAE04EC0-301F-11D3-BF4B-00C04F79EFBC}") = "TextManipulation.Tests", "TextManipulation.Tests\TextManipulation.Tests.csproj", "{6E6C6229-9E77-408F-B2BB-700C5530F9DF}"
EndProject
Global
	GlobalSection(SolutionConfigurationPlatforms) = preSolution
		Debug|Any CPU = Debug|Any CPU
		Release|Any CPU = Release|Any CPU
	EndGlobalSection
	GlobalSection(ProjectConfigurationPlatforms) = postSolution
		{9708DF4E-5C40-4B98-B6A3-E76CA5F84930}.Debug|Any CPU.ActiveCfg = Debug|Any CPU
		{9708DF4E-5C40-4B98-B6A3-E76CA5F84930}.Debug|Any CPU.Build.0 = Debug|Any CPU
		{9708DF4E-5C40-4B98-B6A3-E76CA5F84930}.Release|Any CPU.ActiveCfg = Release|Any CPU
		{9708DF4E-5C40-4B98-B6A3-E76CA5F84930}.Release|Any CPU.Build.0 = Release|Any CPU
		{1C5847C3-D391-404D-B5D0-E0C7941E40F2}.Debug|Any CPU.ActiveCfg = Debug|Any CPU
		{1C5847C3-D391-404D-B5D0-E0C7941E40F2}.Debug|Any CPU.Build.0 = Debug|Any CPU
		{1C5847C3-D391-404D-B5D0-E0C7941E40F2}.Release|Any CPU.ActiveCfg = Release|Any CPU
		{1C5847C3-D391-404D-B5D0-E0C7941E40F2}.Release|Any CPU.Build.0 = Release|Any CPU
		{66609DBB-AB22-4130-BB21-00155843C49D}.Debug|Any CPU.ActiveCfg = Debug|Any CPU
		{66609DBB-AB22-4130-BB21-00155843C49D}.Debug|Any CPU.Build.0 = Debug|Any CPU
		{66609DBB-AB22-4130-BB21-00155843C49D}.Release|Any CPU.ActiveCfg = Release|Any CPU
		{66609DBB-AB22-4130-BB21-00155843C49D}.Release|Any CPU.Build.0 = Release|Any CPU
		{6E6C6229-9E77-408F-B2BB-700C5530F9DF}.Debug|Any CPU.ActiveCfg = Debug|Any CPU
		{6E6C6229-9E77-408F-B2BB-700C5530F9DF}.Debug|Any CPU.Build.0 = Debug|Any CPU
		{6E6C6229-9E77-408F-B2BB-700C5530F9DF}.Release|Any CPU.ActiveCfg = Release|Any CPU
		{6E6C6229-9E77-408F-B2BB-700C5530F9DF}.Release|Any CPU.Build.0 = Release|Any CPU
	EndGlobalSection
	GlobalSection(SolutionProperties) = preSolution
		HideSolutionNode = FALSE
	EndGlobalSection
EndGlobal
